
Microsoft Visual Studio Solution File, Format Version 12.00
# Visual Studio Version 17
VisualStudioVersion = 17.0.32014.148
MinimumVisualStudioVersion = 10.0.40219.1
Project("{8BC9CEB8-8B4A-11D0-8D11-00A0C91BC942}") = "Lamp", "Lamp.vcxproj", "{F945A576-959C-4328-AA54-C1B9BCA17E0D}"
EndProject
Global
	GlobalSection(SolutionConfigurationPlatforms) = preSolution
		Debug|ARM64 = Debug|ARM64
		Debug|x64 = Debug|x64
		Debug|x86 = Debug|x86
		Release|ARM64 = Release|ARM64
		Release|x64 = Release|x64
		Release|x86 = Release|x86
	EndGlobalSection
	GlobalSection(ProjectConfigurationPlatforms) = postSolution
		{F945A576-959C-4328-AA54-C1B9BCA17E0D}.Debug|ARM64.ActiveCfg = Debug|ARM64
		{F945A576-959C-4328-AA54-C1B9BCA17E0D}.Debug|ARM64.Build.0 = Debug|ARM64
		{F945A576-959C-4328-AA54-C1B9BCA17E0D}.Debug|x64.ActiveCfg = Debug|x64
		{F945A576-959C-4328-AA54-C1B9BCA17E0D}.Debug|x64.Build.0 = Debug|x64
		{F945A576-959C-4328-AA54-C1B9BCA17E0D}.Debug|x86.ActiveCfg = Debug|Win32
		{F945A576-959C-4328-AA54-C1B9BCA17E0D}.Debug|x86.Build.0 = Debug|Win32
		{F945A576-959C-4328-AA54-C1B9BCA17E0D}.Release|ARM64.ActiveCfg = Release|ARM64
		{F945A576-959C-4328-AA54-C1B9BCA17E0D}.Release|ARM64.Build.0 = Release|ARM64
		{F945A576-959C-4328-AA54-C1B9BCA17E0D}.Release|x64.ActiveCfg = Release|x64
		{F945A576-959C-4328-AA54-C1B9BCA17E0D}.Release|x64.Build.0 = Release|x64
		{F945A576-959C-4328-AA54-C1B9BCA17E0D}.Release|x86.ActiveCfg = Release|Win32
		{F945A576-959C-4328-AA54-C1B9BCA17E0D}.Release|x86.Build.0 = Release|Win32
	EndGlobalSection
	GlobalSection(SolutionProperties) = preSolution
		HideSolutionNode = FALSE
	EndGlobalSection
	GlobalSection(ExtensibilityGlobals) = postSolution
		SolutionGuid = {66BDCFB4-561F-4F2B-BDB8-65263FCBC1B1}
	EndGlobalSection
EndGlobal
